{
  "name": "com.sommerlichter.nordcast",
  "version": "1.0.0",
  "lockfileVersion": 1,
  "requires": true,
  "dependencies": {
    "cordova-android": {
      "version": "7.1.4",
      "resolved": "https://registry.npmjs.org/cordova-android/-/cordova-android-7.1.4.tgz",
      "integrity": "sha512-Rtvu002I83uzfVyCsE6p2krFKVHt9TSAqZUATes+zH+o9cdxYGrLHY+PKCQo4SLCdSMdrkIHCDnQPTYTp/d7+g==",
      "requires": {
        "abbrev": "*",
        "android-versions": "1.4.0",
        "ansi": "*",
        "balanced-match": "*",
        "base64-js": "1.2.0",
        "big-integer": "1.6.32",
        "bplist-parser": "*",
        "brace-expansion": "*",
        "concat-map": "*",
        "cordova-common": "2.2.5",
        "cordova-registry-mapper": "*",
        "elementtree": "0.1.6",
        "glob": "5.0.15",
        "inflight": "*",
        "inherits": "*",
        "minimatch": "*",
        "nopt": "3.0.1",
        "once": "*",
        "path-is-absolute": "1.0.1",
        "plist": "2.1.0",
        "properties-parser": "0.2.3",
        "q": "1.4.1",
        "sax": "0.3.5",
        "semver": "5.5.0",
        "shelljs": "0.5.3",
        "underscore": "*",
        "unorm": "*",
        "wrappy": "*",
        "xmlbuilder": "8.2.2",
        "xmldom": "*"
      },
      "dependencies": {
        "abbrev": {
          "version": "1.1.1",
          "resolved": "https://registry.npmjs.org/abbrev/-/abbrev-1.1.1.tgz",
          "integrity": "sha512-nne9/IiQ/hzIhY6pdDnbBtz7DjPTKrY00P/zvPSm5pOFkl6xuGrGnXn/VtTNNfNtAfZ9/1RtehkszU9qcTii0Q=="
        },
        "android-versions": {
          "version": "1.4.0",
          "resolved": "https://registry.npmjs.org/android-versions/-/android-versions-1.4.0.tgz",
          "integrity": "sha512-GnomfYsBq+nZh3c3UH/4r9Jt6FuTxdhUJbeHIdYOH5xBhQ8I0ZzC2/RM5IFFIjrzuNWSHb8JWP1lPK0/a26jrg==",
          "requires": {
            "semver": "^5.4.1"
          }
        },
        "ansi": {
          "version": "0.3.1",
          "resolved": "https://registry.npmjs.org/ansi/-/ansi-0.3.1.tgz",
          "integrity": "sha1-DELU+xcWDVqa8eSEus4cZpIsGyE="
        },
        "balanced-match": {
          "version": "1.0.0",
          "resolved": "https://registry.npmjs.org/balanced-match/-/balanced-match-1.0.0.tgz",
          "integrity": "sha1-ibTRmasr7kneFk6gK4nORi1xt2c="
        },
        "base64-js": {
          "version": "1.2.0",
          "resolved": "https://registry.npmjs.org/base64-js/-/base64-js-1.2.0.tgz",
          "integrity": "sha1-o5mS1yNYSBGYK+XikLtqU9hnAPE="
        },
        "big-integer": {
          "version": "1.6.32",
          "resolved": "https://registry.npmjs.org/big-integer/-/big-integer-1.6.32.tgz",
          "integrity": "sha512-ljKJdR3wk9thHfLj4DtrNiOSTxvGFaMjWrG4pW75juXC4j7+XuKJVFdg4kgFMYp85PVkO05dFMj2dk2xVsH4xw=="
        },
        "bplist-parser": {
          "version": "0.1.1",
          "resolved": "https://registry.npmjs.org/bplist-parser/-/bplist-parser-0.1.1.tgz",
          "integrity": "sha1-1g1dzCDLptx+HymbNdPh+V2vuuY=",
          "requires": {
            "big-integer": "^1.6.7"
          }
        },
        "brace-expansion": {
          "version": "1.1.11",
          "resolved": "https://registry.npmjs.org/brace-expansion/-/brace-expansion-1.1.11.tgz",
          "integrity": "sha512-iCuPHDFgrHX7H2vEI/5xpz07zSHB00TpugqhmYtVmMO6518mCuRMoOYFldEBl0g187ufozdaHgWKcYFb61qGiA==",
          "requires": {
            "balanced-match": "^1.0.0",
            "concat-map": "0.0.1"
          }
        },
        "concat-map": {
          "version": "0.0.1",
          "resolved": "https://registry.npmjs.org/concat-map/-/concat-map-0.0.1.tgz",
          "integrity": "sha1-2Klr13/Wjfd5OnMDajug1UBdR3s="
        },
        "cordova-common": {
          "version": "2.2.5",
          "resolved": "https://registry.npmjs.org/cordova-common/-/cordova-common-2.2.5.tgz",
          "integrity": "sha1-+TzvKtSUz8v1bEbj1hKqqctfzDI=",
          "requires": {
            "ansi": "^0.3.1",
            "bplist-parser": "^0.1.0",
            "cordova-registry-mapper": "^1.1.8",
            "elementtree": "0.1.6",
            "glob": "^5.0.13",
            "minimatch": "^3.0.0",
            "plist": "^2.1.0",
            "q": "^1.4.1",
            "shelljs": "^0.5.3",
            "underscore": "^1.8.3",
            "unorm": "^1.3.3"
          }
        },
        "cordova-registry-mapper": {
          "version": "1.1.15",
          "resolved": "https://registry.npmjs.org/cordova-registry-mapper/-/cordova-registry-mapper-1.1.15.tgz",
          "integrity": "sha1-4kS5GFuBdUc7/2B5MkkFEV+D3Hw="
        },
        "elementtree": {
          "version": "0.1.6",
          "resolved": "https://registry.npmjs.org/elementtree/-/elementtree-0.1.6.tgz",
          "integrity": "sha1-KsTEbqMFFsjEy9teOsdBjlkt4gw=",
          "requires": {
            "sax": "0.3.5"
          }
        },
        "glob": {
          "version": "5.0.15",
          "resolved": "https://registry.npmjs.org/glob/-/glob-5.0.15.tgz",
          "integrity": "sha1-G8k2ueAvSmA/zCIuz3Yz0wuLk7E=",
          "requires": {
            "inflight": "^1.0.4",
            "inherits": "2",
            "minimatch": "2 || 3",
            "once": "^1.3.0",
            "path-is-absolute": "^1.0.0"
          }
        },
        "inflight": {
          "version": "1.0.6",
          "resolved": "https://registry.npmjs.org/inflight/-/inflight-1.0.6.tgz",
          "integrity": "sha1-Sb1jMdfQLQwJvJEKEHW6gWW1bfk=",
          "requires": {
            "once": "^1.3.0",
            "wrappy": "1"
          }
        },
        "inherits": {
          "version": "2.0.3",
          "resolved": "https://registry.npmjs.org/inherits/-/inherits-2.0.3.tgz",
          "integrity": "sha1-Yzwsg+PaQqUC9SRmAiSA9CCCYd4="
        },
        "minimatch": {
          "version": "3.0.4",
          "resolved": "https://registry.npmjs.org/minimatch/-/minimatch-3.0.4.tgz",
          "integrity": "sha512-yJHVQEhyqPLUTgt9B83PXu6W3rx4MvvHvSUvToogpwoGDOUQ+yDrR0HRot+yOCdCO7u4hX3pWft6kWBBcqh0UA==",
          "requires": {
            "brace-expansion": "^1.1.7"
          }
        },
        "nopt": {
          "version": "3.0.1",
          "resolved": "https://registry.npmjs.org/nopt/-/nopt-3.0.1.tgz",
          "integrity": "sha1-vOXEJEajKR9HYio3CrvxWPu6y/0=",
          "requires": {
            "abbrev": "1"
          }
        },
        "once": {
          "version": "1.4.0",
          "resolved": "https://registry.npmjs.org/once/-/once-1.4.0.tgz",
          "integrity": "sha1-WDsap3WWHUsROsF9nFC6753Xa9E=",
          "requires": {
            "wrappy": "1"
          }
        },
        "path-is-absolute": {
          "version": "1.0.1",
          "resolved": "https://registry.npmjs.org/path-is-absolute/-/path-is-absolute-1.0.1.tgz",
          "integrity": "sha1-F0uSaHNVNP+8es5r9TpanhtcX18="
        },
        "plist": {
          "version": "2.1.0",
          "resolved": "https://registry.npmjs.org/plist/-/plist-2.1.0.tgz",
          "integrity": "sha1-V8zbeggh3yGDEhejytVOPhRqECU=",
          "requires": {
            "base64-js": "1.2.0",
            "xmlbuilder": "8.2.2",
            "xmldom": "0.1.x"
          }
        },
        "properties-parser": {
          "version": "0.2.3",
          "resolved": "https://registry.npmjs.org/properties-parser/-/properties-parser-0.2.3.tgz",
          "integrity": "sha1-91kSVfcHq7/yJ8e1a2N9uwNzoQ8="
        },
        "q": {
          "version": "1.4.1",
          "resolved": "https://registry.npmjs.org/q/-/q-1.4.1.tgz",
          "integrity": "sha1-VXBbzZPF82c1MMLCy8DCs63cKG4="
        },
        "sax": {
          "version": "0.3.5",
          "resolved": "https://registry.npmjs.org/sax/-/sax-0.3.5.tgz",
          "integrity": "sha1-iPz8H3PAyLvVt8d2ttPzUB7tBz0="
        },
        "semver": {
          "version": "5.5.0",
          "resolved": "https://registry.npmjs.org/semver/-/semver-5.5.0.tgz",
          "integrity": "sha512-4SJ3dm0WAwWy/NVeioZh5AntkdJoWKxHxcmyP622fOkgHa4z3R0TdBJICINyaSDE6uNwVc8gZr+ZinwZAH4xIA=="
        },
        "shelljs": {
          "version": "0.5.3",
          "resolved": "https://registry.npmjs.org/shelljs/-/shelljs-0.5.3.tgz",
          "integrity": "sha1-xUmCuZbHbvDB5rWfvcWCX1txMRM="
        },
        "underscore": {
          "version": "1.9.1",
          "resolved": "https://registry.npmjs.org/underscore/-/underscore-1.9.1.tgz",
          "integrity": "sha512-5/4etnCkd9c8gwgowi5/om/mYO5ajCaOgdzj/oW+0eQV9WxKBDZw5+ycmKmeaTXjInS/W0BzpGLo2xR2aBwZdg=="
        },
        "unorm": {
          "version": "1.4.1",
          "resolved": "https://registry.npmjs.org/unorm/-/unorm-1.4.1.tgz",
          "integrity": "sha1-NkIA1fE2RsqLzURJAnEzVhR5IwA="
        },
        "wrappy": {
          "version": "1.0.2",
          "resolved": "https://registry.npmjs.org/wrappy/-/wrappy-1.0.2.tgz",
          "integrity": "sha1-tSQ9jz7BqjXxNkYFvA0QNuMKtp8="
        },
        "xmlbuilder": {
          "version": "8.2.2",
          "resolved": "https://registry.npmjs.org/xmlbuilder/-/xmlbuilder-8.2.2.tgz",
          "integrity": "sha1-aSSGc0ELS6QuGmE2VR0pIjNap3M="
        },
        "xmldom": {
          "version": "0.1.27",
          "resolved": "https://registry.npmjs.org/xmldom/-/xmldom-0.1.27.tgz",
          "integrity": "sha1-1QH5ezvbQDr4757MIFcxh6rawOk="
        }
      }
    },
    "cordova-plugin-android-window-background": {
      "version": "1.0.2",
      "resolved": "https://registry.npmjs.org/cordova-plugin-android-window-background/-/cordova-plugin-android-window-background-1.0.2.tgz",
      "integrity": "sha512-JgxyAXokkkiyeVz6oNc1qxjUUpGfR4KvjgXVoE7KtW+8zpvClrwFIRT+KhJz2jjet8Ikn9009cUU/7soh+OT/g=="
    },
    "cordova-plugin-customurlscheme": {
      "version": "5.0.0",
      "resolved": "https://registry.npmjs.org/cordova-plugin-customurlscheme/-/cordova-plugin-customurlscheme-5.0.0.tgz",
      "integrity": "sha512-AuVlQyq88cCxGyoYvQyx2N6igLZ5aHxEqGch2vdu1EWvxHzsjj33VFgA3+tjzJUmYYgIN4QYTkyOVsLIMozIPg=="
    },
    "cordova-plugin-darkmode": {
      "version": "1.0.0",
      "resolved": "https://registry.npmjs.org/cordova-plugin-darkmode/-/cordova-plugin-darkmode-1.0.0.tgz",
      "integrity": "sha512-v6ecBTCBD2oTTiEN9nIasb0+g02Em9NZqVnQGrHf1T721W3azIJOk1R8Jd+dw3Wkg0E+kp9wSbjFSOktLRZBcw=="
    },
    "cordova-plugin-device": {
      "version": "1.1.7",
      "resolved": "https://registry.npmjs.org/cordova-plugin-device/-/cordova-plugin-device-1.1.7.tgz",
      "integrity": "sha1-/JQRG+aTJijGaGiTjd89yCyfv+Y="
    },
    "cordova-plugin-dialogs": {
      "version": "1.3.4",
      "resolved": "https://registry.npmjs.org/cordova-plugin-dialogs/-/cordova-plugin-dialogs-1.3.4.tgz",
      "integrity": "sha1-XMlm7nyZsvW1s934SQAmKLDacVc="
    },
    "cordova-plugin-file-transfer": {
      "version": "1.7.1",
      "resolved": "https://registry.npmjs.org/cordova-plugin-file-transfer/-/cordova-plugin-file-transfer-1.7.1.tgz",
      "integrity": "sha1-p12L4uvDu5sjxbG70ZkhTsJnWGs="
    },
    "cordova-plugin-globalization": {
      "version": "1.11.0",
      "resolved": "https://registry.npmjs.org/cordova-plugin-globalization/-/cordova-plugin-globalization-1.11.0.tgz",
      "integrity": "sha1-6sMVgQAphJOvowvolA5pj2HvvP4="
    },
    "cordova-plugin-network-information": {
      "version": "1.3.4",
      "resolved": "https://registry.npmjs.org/cordova-plugin-network-information/-/cordova-plugin-network-information-1.3.4.tgz",
      "integrity": "sha1-KPQmzCZZF03GIqBxgPm6DYVfc4M="
    },
    "cordova-plugin-statusbar": {
      "version": "2.4.3",
      "resolved": "https://registry.npmjs.org/cordova-plugin-statusbar/-/cordova-plugin-statusbar-2.4.3.tgz",
      "integrity": "sha512-ThmXzl6QIKWFXf4wWw7Q/zpB+VKkz3VM958+5A0sXD4jmR++u7KnGttLksXshVwWr6lvGwUebLYtIyXwS4Ovcg=="
    },
    "cordova-plugin-whitelist": {
      "version": "1.3.4",
      "resolved": "https://registry.npmjs.org/cordova-plugin-whitelist/-/cordova-plugin-whitelist-1.3.4.tgz",
      "integrity": "sha512-EYC5eQFVkoYXq39l7tYKE6lEjHJ04mvTmKXxGL7quHLdFPfJMNzru/UYpn92AOfpl3PQaZmou78C7EgmFOwFQQ=="
    },
    "cordova-plugin-x-socialsharing": {
      "version": "5.6.3",
      "resolved": "https://registry.npmjs.org/cordova-plugin-x-socialsharing/-/cordova-plugin-x-socialsharing-5.6.3.tgz",
      "integrity": "sha512-veAoIOgviGL9RCUyol9e6BxBRpyPV5OWaAmFKglbLjF2uGvj73k+jPe2+2p39ySPetxC8KERAz+1I6tfjk42Zg=="
    },
    "es6-promise-plugin": {
      "version": "4.2.2",
      "resolved": "https://registry.npmjs.org/es6-promise-plugin/-/es6-promise-plugin-4.2.2.tgz",
      "integrity": "sha512-uoA4aVplXI9oqUYJFBAVRwAqIN9/n9JgrTAUGX3qPbnSZVE5yY1+6/MsoN5f4xsaPO62WjPHOdtts6okMN6tNA=="
    }
  }
}
