{
  "requires": true,
  "lockfileVersion": 1,
  "dependencies": {
    "cordova-plugin-device": {
      "version": "1.1.7",
      "resolved": "https://registry.npmjs.org/cordova-plugin-device/-/cordova-plugin-device-1.1.7.tgz",
      "integrity": "sha1-/JQRG+aTJijGaGiTjd89yCyfv+Y="
    },
    "cordova-plugin-dialogs": {
      "version": "1.3.4",
      "resolved": "https://registry.npmjs.org/cordova-plugin-dialogs/-/cordova-plugin-dialogs-1.3.4.tgz",
      "integrity": "sha1-XMlm7nyZsvW1s934SQAmKLDacVc="
    },
    "cordova-plugin-file": {
      "version": "4.3.3",
      "resolved": "https://registry.npmjs.org/cordova-plugin-file/-/cordova-plugin-file-4.3.3.tgz",
      "integrity": "sha1-AS6Xqhr7kfhJFuY0G1SDZtI96bk="
    },
    "cordova-plugin-globalization": {
      "version": "1.0.9",
      "resolved": "https://registry.npmjs.org/cordova-plugin-globalization/-/cordova-plugin-globalization-1.0.9.tgz",
      "integrity": "sha1-RluZmP7qC4iIRNCc19oCv6Jst6M="
    },
    "cordova-plugin-network-information": {
      "version": "1.3.4",
      "resolved": "https://registry.npmjs.org/cordova-plugin-network-information/-/cordova-plugin-network-information-1.3.4.tgz",
      "integrity": "sha1-KPQmzCZZF03GIqBxgPm6DYVfc4M="
    },
    "cordova-plugin-statusbar": {
      "version": "2.4.2",
      "resolved": "https://registry.npmjs.org/cordova-plugin-statusbar/-/cordova-plugin-statusbar-2.4.2.tgz",
      "integrity": "sha1-/B+9wNjXAzp+jh8ff/FnrJvU+vY="
    },
    "cordova-plugin-whitelist": {
      "version": "1.3.3",
      "resolved": "https://registry.npmjs.org/cordova-plugin-whitelist/-/cordova-plugin-whitelist-1.3.3.tgz",
      "integrity": "sha1-tehezbv+Wu3tQKG/TuI3LmfZb7Q="
    }
  }
}
